
Microsoft Visual Studio Solution File, Format Version 12.00
# Visual Studio Version 18
VisualStudioVersion = 18.1.11312.151 d18.0
MinimumVisualStudioVersion = 10.0.40219.1
Project("{FAE04EC0-301F-11D3-BF4B-00C04F79EFBC}") = "AzureAI.TextToSpeech", "AzureAI.TextToSpeech\AzureAI.TextToSpeech.csproj", "{D456964B-6CA2-4C3F-9DDC-689CC0BCD3B4}"
EndProject
Project("{2150E333-8FDC-42A3-9474-1A3956D46DE8}") = "Solution Items", "Solution Items", "{8EC462FD-D22E-90A8-E5CE-7E832BA40C5D}"
	ProjectSection(SolutionItems) = preProject
		README.md = README.md
		systemmessage.md = systemmessage.md
	EndProjectSection
EndProject
Global
	GlobalSection(SolutionConfigurationPlatforms) = preSolution
		Debug|Any CPU = Debug|Any CPU
		Release|Any CPU = Release|Any CPU
	EndGlobalSection
	GlobalSection(ProjectConfigurationPlatforms) = postSolution
		{D456964B-6CA2-4C3F-9DDC-689CC0BCD3B4}.Debug|Any CPU.ActiveCfg = Debug|Any CPU
		{D456964B-6CA2-4C3F-9DDC-689CC0BCD3B4}.Debug|Any CPU.Build.0 = Debug|Any CPU
		{D456964B-6CA2-4C3F-9DDC-689CC0BCD3B4}.Release|Any CPU.ActiveCfg = Release|Any CPU
		{D456964B-6CA2-4C3F-9DDC-689CC0BCD3B4}.Release|Any CPU.Build.0 = Release|Any CPU
	EndGlobalSection
	GlobalSection(SolutionProperties) = preSolution
		HideSolutionNode = FALSE
	EndGlobalSection
	GlobalSection(ExtensibilityGlobals) = postSolution
		SolutionGuid = {9DA9D66F-03AE-4482-BD90-727CE10DFB47}
	EndGlobalSection
EndGlobal
